
Microsoft Visual Studio Solution File, Format Version 12.00
# Visual Studio 15
VisualStudioVersion = 15.0.28307.572
MinimumVisualStudioVersion = 10.0.40219.1
Project("{FAE04EC0-301F-11D3-BF4B-00C04F79EFBC}") = "WindowsFormsApp1", "WindowsFormsApp1\WindowsFormsApp1.csproj", "{A1CA82B2-AA5B-4532-8923-73919F76A117}"
EndProject
Global
	GlobalSection(SolutionConfigurationPlatforms) = preSolution
		Debug|Any CPU = Debug|Any CPU
		Release|Any CPU = Release|Any CPU
	EndGlobalSection
	GlobalSection(ProjectConfigurationPlatforms) = postSolution
		{A1CA82B2-AA5B-4532-8923-73919F76A117}.Debug|Any CPU.ActiveCfg = Debug|Any CPU
		{A1CA82B2-AA5B-4532-8923-73919F76A117}.Debug|Any CPU.Build.0 = Debug|Any CPU
		{A1CA82B2-AA5B-4532-8923-73919F76A117}.Release|Any CPU.ActiveCfg = Release|Any CPU
		{A1CA82B2-AA5B-4532-8923-73919F76A117}.Release|Any CPU.Build.0 = Release|Any CPU
	EndGlobalSection
	GlobalSection(SolutionProperties) = preSolution
		HideSolutionNode = FALSE
	EndGlobalSection
	GlobalSection(ExtensibilityGlobals) = postSolution
		SolutionGuid = {0936ED3D-53D3-4301-B6CA-5BA31155D530}
	EndGlobalSection
EndGlobal
