
Microsoft Visual Studio Solution File, Format Version 12.00
# Visual Studio 15
VisualStudioVersion = 15.0.28307.1267
MinimumVisualStudioVersion = 10.0.40219.1
Project("{FAE04EC0-301F-11D3-BF4B-00C04F79EFBC}") = "WpfApp4", "WpfApp4\WpfApp4.csproj", "{F3CF577F-816F-4BC2-B4EF-AE160A57A48F}"
EndProject
Global
	GlobalSection(SolutionConfigurationPlatforms) = preSolution
		Debug|Any CPU = Debug|Any CPU
		Release|Any CPU = Release|Any CPU
	EndGlobalSection
	GlobalSection(ProjectConfigurationPlatforms) = postSolution
		{F3CF577F-816F-4BC2-B4EF-AE160A57A48F}.Debug|Any CPU.ActiveCfg = Debug|Any CPU
		{F3CF577F-816F-4BC2-B4EF-AE160A57A48F}.Debug|Any CPU.Build.0 = Debug|Any CPU
		{F3CF577F-816F-4BC2-B4EF-AE160A57A48F}.Release|Any CPU.ActiveCfg = Release|Any CPU
		{F3CF577F-816F-4BC2-B4EF-AE160A57A48F}.Release|Any CPU.Build.0 = Release|Any CPU
	EndGlobalSection
	GlobalSection(SolutionProperties) = preSolution
		HideSolutionNode = FALSE
	EndGlobalSection
	GlobalSection(ExtensibilityGlobals) = postSolution
		SolutionGuid = {79DC00B7-7BCC-49C5-9EBD-FFFCB3A54ADE}
	EndGlobalSection
EndGlobal
